
Microsoft Visual Studio Solution File, Format Version 12.00
# Visual Studio Version 17
VisualStudioVersion = 17.5.33516.290
MinimumVisualStudioVersion = 10.0.40219.1
Project("{FAE04EC0-301F-11D3-BF4B-00C04F79EFBC}") = "Provet.API", "Provet.API\Provet.API.csproj", "{D8425414-D84E-4100-9BF7-3EDF2A391CCA}"
EndProject
Project("{FAE04EC0-301F-11D3-BF4B-00C04F79EFBC}") = "Provet.Domain", "Provet.Domain\Provet.Domain.csproj", "{A9C1FC9E-5D44-4F58-B71C-A270D166873B}"
EndProject
Project("{FAE04EC0-301F-11D3-BF4B-00C04F79EFBC}") = "Provet.Entities", "Provet.Entities\Provet.Entities.csproj", "{27B31832-0AF3-4373-AABE-855C66907E47}"
EndProject
Project("{FAE04EC0-301F-11D3-BF4B-00C04F79EFBC}") = "Provet.Infrastructure", "Provet.Infrastructure\Provet.Infrastructure.csproj", "{28C0752C-1E8C-4573-BC54-A2493D4E5677}"
EndProject
Global
	GlobalSection(SolutionConfigurationPlatforms) = preSolution
		Debug|Any CPU = Debug|Any CPU
		Release|Any CPU = Release|Any CPU
	EndGlobalSection
	GlobalSection(ProjectConfigurationPlatforms) = postSolution
		{D8425414-D84E-4100-9BF7-3EDF2A391CCA}.Debug|Any CPU.ActiveCfg = Debug|Any CPU
		{D8425414-D84E-4100-9BF7-3EDF2A391CCA}.Debug|Any CPU.Build.0 = Debug|Any CPU
		{D8425414-D84E-4100-9BF7-3EDF2A391CCA}.Release|Any CPU.ActiveCfg = Release|Any CPU
		{D8425414-D84E-4100-9BF7-3EDF2A391CCA}.Release|Any CPU.Build.0 = Release|Any CPU
		{A9C1FC9E-5D44-4F58-B71C-A270D166873B}.Debug|Any CPU.ActiveCfg = Debug|Any CPU
		{A9C1FC9E-5D44-4F58-B71C-A270D166873B}.Debug|Any CPU.Build.0 = Debug|Any CPU
		{A9C1FC9E-5D44-4F58-B71C-A270D166873B}.Release|Any CPU.ActiveCfg = Release|Any CPU
		{A9C1FC9E-5D44-4F58-B71C-A270D166873B}.Release|Any CPU.Build.0 = Release|Any CPU
		{27B31832-0AF3-4373-AABE-855C66907E47}.Debug|Any CPU.ActiveCfg = Debug|Any CPU
		{27B31832-0AF3-4373-AABE-855C66907E47}.Debug|Any CPU.Build.0 = Debug|Any CPU
		{27B31832-0AF3-4373-AABE-855C66907E47}.Release|Any CPU.ActiveCfg = Release|Any CPU
		{27B31832-0AF3-4373-AABE-855C66907E47}.Release|Any CPU.Build.0 = Release|Any CPU
		{28C0752C-1E8C-4573-BC54-A2493D4E5677}.Debug|Any CPU.ActiveCfg = Debug|Any CPU
		{28C0752C-1E8C-4573-BC54-A2493D4E5677}.Debug|Any CPU.Build.0 = Debug|Any CPU
		{28C0752C-1E8C-4573-BC54-A2493D4E5677}.Release|Any CPU.ActiveCfg = Release|Any CPU
		{28C0752C-1E8C-4573-BC54-A2493D4E5677}.Release|Any CPU.Build.0 = Release|Any CPU
	EndGlobalSection
	GlobalSection(SolutionProperties) = preSolution
		HideSolutionNode = FALSE
	EndGlobalSection
	GlobalSection(ExtensibilityGlobals) = postSolution
		SolutionGuid = {F5E3C76A-564E-4289-9622-0A0B2D260968}
	EndGlobalSection
EndGlobal
